// !$*UTF8*$!
{
	archiveVersion = 1;
	classes = {
	};
	objectVersion = 50;
	objects = {

/* Begin PBXBuildFile section */
		842815062229FF2100FAE50B /* ActionSheet+UIViewController.swift in Sources */ = {isa = PBXBuildFile; fileRef = 842815052229FF2100FAE50B /* ActionSheet+UIViewController.swift */; };
		84281508222A00F700FAE50B /* UIView+Constraints.swift in Sources */ = {isa = PBXBuildFile; fileRef = 84281507222A00F700FAE50B /* UIView+Constraints.swift */; };
		8428150A222A015200FAE50B /* ActionSheet+UIView.swift in Sources */ = {isa = PBXBuildFile; fileRef = 84281509222A015200FAE50B /* ActionSheet+UIView.swift */; };
		8479B2642226FC61004B25DA /* ActionSheetTransitioningManager.swift in Sources */ = {isa = PBXBuildFile; fileRef = 8479B2632226FC61004B25DA /* ActionSheetTransitioningManager.swift */; };
		8479B2662226FCF0004B25DA /* ActionSheetDismissAnimationController.swift in Sources */ = {isa = PBXBuildFile; fileRef = 8479B2652226FCF0004B25DA /* ActionSheetDismissAnimationController.swift */; };
		8479B2682226FE1A004B25DA /* ActionSheetPresentAnimationController.swift in Sources */ = {isa = PBXBuildFile; fileRef = 8479B2672226FE1A004B25DA /* ActionSheetPresentAnimationController.swift */; };
		8479B27122275B14004B25DA /* SimpleTableViewCell.swift in Sources */ = {isa = PBXBuildFile; fileRef = 8479B26F22275B14004B25DA /* SimpleTableViewCell.swift */; };
		8479B27222275B14004B25DA /* SimpleTableViewCell.xib in Resources */ = {isa = PBXBuildFile; fileRef = 8479B27022275B14004B25DA /* SimpleTableViewCell.xib */; };
		8479B27522276822004B25DA /* CustomView.swift in Sources */ = {isa = PBXBuildFile; fileRef = 8479B27422276822004B25DA /* CustomView.swift */; };
		8479B27722276862004B25DA /* CustomView.xib in Resources */ = {isa = PBXBuildFile; fileRef = 8479B27622276862004B25DA /* CustomView.xib */; };
		848478192225A98900410D0E /* CustomViewController.swift in Sources */ = {isa = PBXBuildFile; fileRef = 848478172225A98900410D0E /* CustomViewController.swift */; };
		8484781A2225A98900410D0E /* CustomViewController.xib in Resources */ = {isa = PBXBuildFile; fileRef = 848478182225A98900410D0E /* CustomViewController.xib */; };
		8491C5CC2220C41100C413D4 /* AppDelegate.swift in Sources */ = {isa = PBXBuildFile; fileRef = 8491C5CB2220C41100C413D4 /* AppDelegate.swift */; };
		8491C5D32220C41300C413D4 /* Assets.xcassets in Resources */ = {isa = PBXBuildFile; fileRef = 8491C5D22220C41300C413D4 /* Assets.xcassets */; };
		8491C5D62220C41300C413D4 /* LaunchScreen.storyboard in Resources */ = {isa = PBXBuildFile; fileRef = 8491C5D42220C41300C413D4 /* LaunchScreen.storyboard */; };
		8491C5E12220C41300C413D4 /* ActionSheetTests.swift in Sources */ = {isa = PBXBuildFile; fileRef = 8491C5E02220C41300C413D4 /* ActionSheetTests.swift */; };
		8491C5EC2220C41300C413D4 /* ActionSheetUITests.swift in Sources */ = {isa = PBXBuildFile; fileRef = 8491C5EB2220C41300C413D4 /* ActionSheetUITests.swift */; };
		8491C5FA2220C47A00C413D4 /* ExamplesViewController.swift in Sources */ = {isa = PBXBuildFile; fileRef = 8491C5F92220C47A00C413D4 /* ExamplesViewController.swift */; };
		8491C5FC2220CB8C00C413D4 /* ActionSheet.swift in Sources */ = {isa = PBXBuildFile; fileRef = 8491C5FB2220CB8C00C413D4 /* ActionSheet.swift */; };
		8491C5FE2220D2E100C413D4 /* UIColorExtension.swift in Sources */ = {isa = PBXBuildFile; fileRef = 8491C5FD2220D2E100C413D4 /* UIColorExtension.swift */; };
		84D681952228CE77007586AD /* UIViewExtension.swift in Sources */ = {isa = PBXBuildFile; fileRef = 84D681942228CE77007586AD /* UIViewExtension.swift */; };
/* End PBXBuildFile section */

/* Begin PBXContainerItemProxy section */
		8491C5DD2220C41300C413D4 /* PBXContainerItemProxy */ = {
			isa = PBXContainerItemProxy;
			containerPortal = 8491C5C02220C41100C413D4 /* Project object */;
			proxyType = 1;
			remoteGlobalIDString = 8491C5C72220C41100C413D4;
			remoteInfo = ActionSheet;
		};
		8491C5E82220C41300C413D4 /* PBXContainerItemProxy */ = {
			isa = PBXContainerItemProxy;
			containerPortal = 8491C5C02220C41100C413D4 /* Project object */;
			proxyType = 1;
			remoteGlobalIDString = 8491C5C72220C41100C413D4;
			remoteInfo = ActionSheet;
		};
/* End PBXContainerItemProxy section */

/* Begin PBXFileReference section */
		842815052229FF2100FAE50B /* ActionSheet+UIViewController.swift */ = {isa = PBXFileReference; lastKnownFileType = sourcecode.swift; path = "ActionSheet+UIViewController.swift"; sourceTree = "<group>"; };
		84281507222A00F700FAE50B /* UIView+Constraints.swift */ = {isa = PBXFileReference; lastKnownFileType = sourcecode.swift; path = "UIView+Constraints.swift"; sourceTree = "<group>"; };
		84281509222A015200FAE50B /* ActionSheet+UIView.swift */ = {isa = PBXFileReference; lastKnownFileType = sourcecode.swift; path = "ActionSheet+UIView.swift"; sourceTree = "<group>"; };
		8479B2632226FC61004B25DA /* ActionSheetTransitioningManager.swift */ = {isa = PBXFileReference; lastKnownFileType = sourcecode.swift; path = ActionSheetTransitioningManager.swift; sourceTree = "<group>"; };
		8479B2652226FCF0004B25DA /* ActionSheetDismissAnimationController.swift */ = {isa = PBXFileReference; lastKnownFileType = sourcecode.swift; path = ActionSheetDismissAnimationController.swift; sourceTree = "<group>"; };
		8479B2672226FE1A004B25DA /* ActionSheetPresentAnimationController.swift */ = {isa = PBXFileReference; lastKnownFileType = sourcecode.swift; path = ActionSheetPresentAnimationController.swift; sourceTree = "<group>"; };
		8479B26F22275B14004B25DA /* SimpleTableViewCell.swift */ = {isa = PBXFileReference; lastKnownFileType = sourcecode.swift; path = SimpleTableViewCell.swift; sourceTree = "<group>"; };
		8479B27022275B14004B25DA /* SimpleTableViewCell.xib */ = {isa = PBXFileReference; lastKnownFileType = file.xib; path = SimpleTableViewCell.xib; sourceTree = "<group>"; };
		8479B27422276822004B25DA /* CustomView.swift */ = {isa = PBXFileReference; lastKnownFileType = sourcecode.swift; path = CustomView.swift; sourceTree = "<group>"; };
		8479B27622276862004B25DA /* CustomView.xib */ = {isa = PBXFileReference; lastKnownFileType = file.xib; path = CustomView.xib; sourceTree = "<group>"; };
		848478172225A98900410D0E /* CustomViewController.swift */ = {isa = PBXFileReference; lastKnownFileType = sourcecode.swift; path = CustomViewController.swift; sourceTree = "<group>"; };
		848478182225A98900410D0E /* CustomViewController.xib */ = {isa = PBXFileReference; lastKnownFileType = file.xib; path = CustomViewController.xib; sourceTree = "<group>"; };
		8491C5C82220C41100C413D4 /* ActionSheet.app */ = {isa = PBXFileReference; explicitFileType = wrapper.application; includeInIndex = 0; path = ActionSheet.app; sourceTree = BUILT_PRODUCTS_DIR; };
		8491C5CB2220C41100C413D4 /* AppDelegate.swift */ = {isa = PBXFileReference; lastKnownFileType = sourcecode.swift; path = AppDelegate.swift; sourceTree = "<group>"; };
		8491C5D22220C41300C413D4 /* Assets.xcassets */ = {isa = PBXFileReference; lastKnownFileType = folder.assetcatalog; path = Assets.xcassets; sourceTree = "<group>"; };
		8491C5D52220C41300C413D4 /* Base */ = {isa = PBXFileReference; lastKnownFileType = file.storyboard; name = Base; path = Base.lproj/LaunchScreen.storyboard; sourceTree = "<group>"; };
		8491C5D72220C41300C413D4 /* Info.plist */ = {isa = PBXFileReference; lastKnownFileType = text.plist.xml; path = Info.plist; sourceTree = "<group>"; };
		8491C5DC2220C41300C413D4 /* ActionSheetTests.xctest */ = {isa = PBXFileReference; explicitFileType = wrapper.cfbundle; includeInIndex = 0; path = ActionSheetTests.xctest; sourceTree = BUILT_PRODUCTS_DIR; };
		8491C5E02220C41300C413D4 /* ActionSheetTests.swift */ = {isa = PBXFileReference; lastKnownFileType = sourcecode.swift; path = ActionSheetTests.swift; sourceTree = "<group>"; };
		8491C5E22220C41300C413D4 /* Info.plist */ = {isa = PBXFileReference; lastKnownFileType = text.plist.xml; path = Info.plist; sourceTree = "<group>"; };
		8491C5E72220C41300C413D4 /* ActionSheetUITests.xctest */ = {isa = PBXFileReference; explicitFileType = wrapper.cfbundle; includeInIndex = 0; path = ActionSheetUITests.xctest; sourceTree = BUILT_PRODUCTS_DIR; };
		8491C5EB2220C41300C413D4 /* ActionSheetUITests.swift */ = {isa = PBXFileReference; lastKnownFileType = sourcecode.swift; path = ActionSheetUITests.swift; sourceTree = "<group>"; };
		8491C5ED2220C41300C413D4 /* Info.plist */ = {isa = PBXFileReference; lastKnownFileType = text.plist.xml; path = Info.plist; sourceTree = "<group>"; };
		8491C5F92220C47A00C413D4 /* ExamplesViewController.swift */ = {isa = PBXFileReference; lastKnownFileType = sourcecode.swift; path = ExamplesViewController.swift; sourceTree = "<group>"; };
		8491C5FB2220CB8C00C413D4 /* ActionSheet.swift */ = {isa = PBXFileReference; lastKnownFileType = sourcecode.swift; path = ActionSheet.swift; sourceTree = "<group>"; };
		8491C5FD2220D2E100C413D4 /* UIColorExtension.swift */ = {isa = PBXFileReference; lastKnownFileType = sourcecode.swift; path = UIColorExtension.swift; sourceTree = "<group>"; };
		84D681942228CE77007586AD /* UIViewExtension.swift */ = {isa = PBXFileReference; lastKnownFileType = sourcecode.swift; path = UIViewExtension.swift; sourceTree = "<group>"; };
/* End PBXFileReference section */

/* Begin PBXFrameworksBuildPhase section */
		8491C5C52220C41100C413D4 /* Frameworks */ = {
			isa = PBXFrameworksBuildPhase;
			buildActionMask = 2147483647;
			files = (
			);
			runOnlyForDeploymentPostprocessing = 0;
		};
		8491C5D92220C41300C413D4 /* Frameworks */ = {
			isa = PBXFrameworksBuildPhase;
			buildActionMask = 2147483647;
			files = (
			);
			runOnlyForDeploymentPostprocessing = 0;
		};
		8491C5E42220C41300C413D4 /* Frameworks */ = {
			isa = PBXFrameworksBuildPhase;
			buildActionMask = 2147483647;
			files = (
			);
			runOnlyForDeploymentPostprocessing = 0;
		};
/* End PBXFrameworksBuildPhase section */

/* Begin PBXGroup section */
		8479B2622226FC4A004B25DA /* animation */ = {
			isa = PBXGroup;
			children = (
				8479B2632226FC61004B25DA /* ActionSheetTransitioningManager.swift */,
				8479B2652226FCF0004B25DA /* ActionSheetDismissAnimationController.swift */,
				8479B2672226FE1A004B25DA /* ActionSheetPresentAnimationController.swift */,
			);
			path = animation;
			sourceTree = "<group>";
		};
		8479B2732227618D004B25DA /* actionSheet */ = {
			isa = PBXGroup;
			children = (
				8491C5FB2220CB8C00C413D4 /* ActionSheet.swift */,
				842815052229FF2100FAE50B /* ActionSheet+UIViewController.swift */,
				84281509222A015200FAE50B /* ActionSheet+UIView.swift */,
			);
			path = actionSheet;
			sourceTree = "<group>";
		};
		8491C5BF2220C41100C413D4 = {
			isa = PBXGroup;
			children = (
				84DFF15A22528E8500D949FB /* Source */,
				8491C5CA2220C41100C413D4 /* ActionSheet */,
				8491C5DF2220C41300C413D4 /* ActionSheetTests */,
				8491C5EA2220C41300C413D4 /* ActionSheetUITests */,
				8491C5C92220C41100C413D4 /* Products */,
			);
			sourceTree = "<group>";
		};
		8491C5C92220C41100C413D4 /* Products */ = {
			isa = PBXGroup;
			children = (
				8491C5C82220C41100C413D4 /* ActionSheet.app */,
				8491C5DC2220C41300C413D4 /* ActionSheetTests.xctest */,
				8491C5E72220C41300C413D4 /* ActionSheetUITests.xctest */,
			);
			name = Products;
			sourceTree = "<group>";
		};
		8491C5CA2220C41100C413D4 /* ActionSheet */ = {
			isa = PBXGroup;
			children = (
				84922F9D222C454A00C6C103 /* examples */,
				8491C5CB2220C41100C413D4 /* AppDelegate.swift */,
				8491C5D22220C41300C413D4 /* Assets.xcassets */,
				8491C5D42220C41300C413D4 /* LaunchScreen.storyboard */,
				8491C5D72220C41300C413D4 /* Info.plist */,
			);
			path = ActionSheet;
			sourceTree = "<group>";
		};
		8491C5DF2220C41300C413D4 /* ActionSheetTests */ = {
			isa = PBXGroup;
			children = (
				8491C5E02220C41300C413D4 /* ActionSheetTests.swift */,
				8491C5E22220C41300C413D4 /* Info.plist */,
			);
			path = ActionSheetTests;
			sourceTree = "<group>";
		};
		8491C5EA2220C41300C413D4 /* ActionSheetUITests */ = {
			isa = PBXGroup;
			children = (
				8491C5EB2220C41300C413D4 /* ActionSheetUITests.swift */,
				8491C5ED2220C41300C413D4 /* Info.plist */,
			);
			path = ActionSheetUITests;
			sourceTree = "<group>";
		};
		84922F9D222C454A00C6C103 /* examples */ = {
			isa = PBXGroup;
			children = (
				8491C5F92220C47A00C413D4 /* ExamplesViewController.swift */,
				8479B27422276822004B25DA /* CustomView.swift */,
				8479B27622276862004B25DA /* CustomView.xib */,
				848478172225A98900410D0E /* CustomViewController.swift */,
				848478182225A98900410D0E /* CustomViewController.xib */,
				8479B26F22275B14004B25DA /* SimpleTableViewCell.swift */,
				8479B27022275B14004B25DA /* SimpleTableViewCell.xib */,
			);
			path = examples;
			sourceTree = "<group>";
		};
		84DFF15A22528E8500D949FB /* Source */ = {
			isa = PBXGroup;
			children = (
				8479B2732227618D004B25DA /* actionSheet */,
				8479B2622226FC4A004B25DA /* animation */,
				8491C5FD2220D2E100C413D4 /* UIColorExtension.swift */,
				84D681942228CE77007586AD /* UIViewExtension.swift */,
				84281507222A00F700FAE50B /* UIView+Constraints.swift */,
			);
			path = Source;
			sourceTree = "<group>";
		};
/* End PBXGroup section */

/* Begin PBXNativeTarget section */
		8491C5C72220C41100C413D4 /* ActionSheet */ = {
			isa = PBXNativeTarget;
			buildConfigurationList = 8491C5F02220C41300C413D4 /* Build configuration list for PBXNativeTarget "ActionSheet" */;
			buildPhases = (
				8491C5C42220C41100C413D4 /* Sources */,
				8491C5C52220C41100C413D4 /* Frameworks */,
				8491C5C62220C41100C413D4 /* Resources */,
			);
			buildRules = (
			);
			dependencies = (
			);
			name = ActionSheet;
			productName = ActionSheet;
			productReference = 8491C5C82220C41100C413D4 /* ActionSheet.app */;
			productType = "com.apple.product-type.application";
		};
		8491C5DB2220C41300C413D4 /* ActionSheetTests */ = {
			isa = PBXNativeTarget;
			buildConfigurationList = 8491C5F32220C41300C413D4 /* Build configuration list for PBXNativeTarget "ActionSheetTests" */;
			buildPhases = (
				2AB846DD6086EFD865B91843 /* [CP] Check Pods Manifest.lock */,
				8491C5D82220C41300C413D4 /* Sources */,
				8491C5D92220C41300C413D4 /* Frameworks */,
				8491C5DA2220C41300C413D4 /* Resources */,
			);
			buildRules = (
			);
			dependencies = (
				8491C5DE2220C41300C413D4 /* PBXTargetDependency */,
			);
			name = ActionSheetTests;
			productName = ActionSheetTests;
			productReference = 8491C5DC2220C41300C413D4 /* ActionSheetTests.xctest */;
			productType = "com.apple.product-type.bundle.unit-test";
		};
		8491C5E62220C41300C413D4 /* ActionSheetUITests */ = {
			isa = PBXNativeTarget;
			buildConfigurationList = 8491C5F62220C41300C413D4 /* Build configuration list for PBXNativeTarget "ActionSheetUITests" */;
			buildPhases = (
				1EC110A4EB482CF51FC7C592 /* [CP] Check Pods Manifest.lock */,
				8491C5E32220C41300C413D4 /* Sources */,
				8491C5E42220C41300C413D4 /* Frameworks */,
				8491C5E52220C41300C413D4 /* Resources */,
			);
			buildRules = (
			);
			dependencies = (
				8491C5E92220C41300C413D4 /* PBXTargetDependency */,
			);
			name = ActionSheetUITests;
			productName = ActionSheetUITests;
			productReference = 8491C5E72220C41300C413D4 /* ActionSheetUITests.xctest */;
			productType = "com.apple.product-type.bundle.ui-testing";
		};
/* End PBXNativeTarget section */

/* Begin PBXProject section */
		8491C5C02220C41100C413D4 /* Project object */ = {
			isa = PBXProject;
			attributes = {
				LastSwiftUpdateCheck = 1010;
				LastUpgradeCheck = 1010;
				ORGANIZATIONNAME = "Renan Benatti Dias";
				TargetAttributes = {
					8491C5C72220C41100C413D4 = {
						CreatedOnToolsVersion = 10.1;
					};
					8491C5DB2220C41300C413D4 = {
						CreatedOnToolsVersion = 10.1;
						TestTargetID = 8491C5C72220C41100C413D4;
					};
					8491C5E62220C41300C413D4 = {
						CreatedOnToolsVersion = 10.1;
						TestTargetID = 8491C5C72220C41100C413D4;
					};
				};
			};
			buildConfigurationList = 8491C5C32220C41100C413D4 /* Build configuration list for PBXProject "ActionSheet" */;
			compatibilityVersion = "Xcode 9.3";
			developmentRegion = en;
			hasScannedForEncodings = 0;
			knownRegions = (
				en,
				Base,
			);
			mainGroup = 8491C5BF2220C41100C413D4;
			productRefGroup = 8491C5C92220C41100C413D4 /* Products */;
			projectDirPath = "";
			projectRoot = "";
			targets = (
				8491C5C72220C41100C413D4 /* ActionSheet */,
				8491C5DB2220C41300C413D4 /* ActionSheetTests */,
				8491C5E62220C41300C413D4 /* ActionSheetUITests */,
			);
		};
/* End PBXProject section */

/* Begin PBXResourcesBuildPhase section */
		8491C5C62220C41100C413D4 /* Resources */ = {
			isa = PBXResourcesBuildPhase;
			buildActionMask = 2147483647;
			files = (
				8491C5D62220C41300C413D4 /* LaunchScreen.storyboard in Resources */,
				8479B27722276862004B25DA /* CustomView.xib in Resources */,
				8479B27222275B14004B25DA /* SimpleTableViewCell.xib in Resources */,
				8484781A2225A98900410D0E /* CustomViewController.xib in Resources */,
				8491C5D32220C41300C413D4 /* Assets.xcassets in Resources */,
			);
			runOnlyForDeploymentPostprocessing = 0;
		};
		8491C5DA2220C41300C413D4 /* Resources */ = {
			isa = PBXResourcesBuildPhase;
			buildActionMask = 2147483647;
			files = (
			);
			runOnlyForDeploymentPostprocessing = 0;
		};
		8491C5E52220C41300C413D4 /* Resources */ = {
			isa = PBXResourcesBuildPhase;
			buildActionMask = 2147483647;
			files = (
			);
			runOnlyForDeploymentPostprocessing = 0;
		};
/* End PBXResourcesBuildPhase section */

/* Begin PBXShellScriptBuildPhase section */
		1EC110A4EB482CF51FC7C592 /* [CP] Check Pods Manifest.lock */ = {
			isa = PBXShellScriptBuildPhase;
			buildActionMask = 2147483647;
			files = (
			);
			inputFileListPaths = (
			);
			inputPaths = (
				"${PODS_PODFILE_DIR_PATH}/Podfile.lock",
				"${PODS_ROOT}/Manifest.lock",
			);
			name = "[CP] Check Pods Manifest.lock";
			outputFileListPaths = (
			);
			outputPaths = (
				"$(DERIVED_FILE_DIR)/Pods-ActionSheetUITests-checkManifestLockResult.txt",
			);
			runOnlyForDeploymentPostprocessing = 0;
			shellPath = /bin/sh;
			shellScript = "diff \"${PODS_PODFILE_DIR_PATH}/Podfile.lock\" \"${PODS_ROOT}/Manifest.lock\" > /dev/null\nif [ $? != 0 ] ; then\n    # print error to STDERR\n    echo \"error: The sandbox is not in sync with the Podfile.lock. Run 'pod install' or update your CocoaPods installation.\" >&2\n    exit 1\nfi\n# This output is used by Xcode 'outputs' to avoid re-running this script phase.\necho \"SUCCESS\" > \"${SCRIPT_OUTPUT_FILE_0}\"\n";
			showEnvVarsInLog = 0;
		};
		2AB846DD6086EFD865B91843 /* [CP] Check Pods Manifest.lock */ = {
			isa = PBXShellScriptBuildPhase;
			buildActionMask = 2147483647;
			files = (
			);
			inputFileListPaths = (
			);
			inputPaths = (
				"${PODS_PODFILE_DIR_PATH}/Podfile.lock",
				"${PODS_ROOT}/Manifest.lock",
			);
			name = "[CP] Check Pods Manifest.lock";
			outputFileListPaths = (
			);
			outputPaths = (
				"$(DERIVED_FILE_DIR)/Pods-ActionSheetTests-checkManifestLockResult.txt",
			);
			runOnlyForDeploymentPostprocessing = 0;
			shellPath = /bin/sh;
			shellScript = "diff \"${PODS_PODFILE_DIR_PATH}/Podfile.lock\" \"${PODS_ROOT}/Manifest.lock\" > /dev/null\nif [ $? != 0 ] ; then\n    # print error to STDERR\n    echo \"error: The sandbox is not in sync with the Podfile.lock. Run 'pod install' or update your CocoaPods installation.\" >&2\n    exit 1\nfi\n# This output is used by Xcode 'outputs' to avoid re-running this script phase.\necho \"SUCCESS\" > \"${SCRIPT_OUTPUT_FILE_0}\"\n";
			showEnvVarsInLog = 0;
		};
/* End PBXShellScriptBuildPhase section */

/* Begin PBXSourcesBuildPhase section */
		8491C5C42220C41100C413D4 /* Sources */ = {
			isa = PBXSourcesBuildPhase;
			buildActionMask = 2147483647;
			files = (
				8479B2682226FE1A004B25DA /* ActionSheetPresentAnimationController.swift in Sources */,
				8491C5CC2220C41100C413D4 /* AppDelegate.swift in Sources */,
				8491C5FC2220CB8C00C413D4 /* ActionSheet.swift in Sources */,
				8491C5FA2220C47A00C413D4 /* ExamplesViewController.swift in Sources */,
				8479B2642226FC61004B25DA /* ActionSheetTransitioningManager.swift in Sources */,
				8479B27522276822004B25DA /* CustomView.swift in Sources */,
				842815062229FF2100FAE50B /* ActionSheet+UIViewController.swift in Sources */,
				8491C5FE2220D2E100C413D4 /* UIColorExtension.swift in Sources */,
				84D681952228CE77007586AD /* UIViewExtension.swift in Sources */,
				8479B27122275B14004B25DA /* SimpleTableViewCell.swift in Sources */,
				84281508222A00F700FAE50B /* UIView+Constraints.swift in Sources */,
				848478192225A98900410D0E /* CustomViewController.swift in Sources */,
				8428150A222A015200FAE50B /* ActionSheet+UIView.swift in Sources */,
				8479B2662226FCF0004B25DA /* ActionSheetDismissAnimationController.swift in Sources */,
			);
			runOnlyForDeploymentPostprocessing = 0;
		};
		8491C5D82220C41300C413D4 /* Sources */ = {
			isa = PBXSourcesBuildPhase;
			buildActionMask = 2147483647;
			files = (
				8491C5E12220C41300C413D4 /* ActionSheetTests.swift in Sources */,
			);
			runOnlyForDeploymentPostprocessing = 0;
		};
		8491C5E32220C41300C413D4 /* Sources */ = {
			isa = PBXSourcesBuildPhase;
			buildActionMask = 2147483647;
			files = (
				8491C5EC2220C41300C413D4 /* ActionSheetUITests.swift in Sources */,
			);
			runOnlyForDeploymentPostprocessing = 0;
		};
/* End PBXSourcesBuildPhase section */

/* Begin PBXTargetDependency section */
		8491C5DE2220C41300C413D4 /* PBXTargetDependency */ = {
			isa = PBXTargetDependency;
			target = 8491C5C72220C41100C413D4 /* ActionSheet */;
			targetProxy = 8491C5DD2220C41300C413D4 /* PBXContainerItemProxy */;
		};
		8491C5E92220C41300C413D4 /* PBXTargetDependency */ = {
			isa = PBXTargetDependency;
			target = 8491C5C72220C41100C413D4 /* ActionSheet */;
			targetProxy = 8491C5E82220C41300C413D4 /* PBXContainerItemProxy */;
		};
/* End PBXTargetDependency section */

/* Begin PBXVariantGroup section */
		8491C5D42220C41300C413D4 /* LaunchScreen.storyboard */ = {
			isa = PBXVariantGroup;
			children = (
				8491C5D52220C41300C413D4 /* Base */,
			);
			name = LaunchScreen.storyboard;
			sourceTree = "<group>";
		};
/* End PBXVariantGroup section */

/* Begin XCBuildConfiguration section */
		8491C5EE2220C41300C413D4 /* Debug */ = {
			isa = XCBuildConfiguration;
			buildSettings = {
				ALWAYS_SEARCH_USER_PATHS = NO;
				CLANG_ANALYZER_NONNULL = YES;
				CLANG_ANALYZER_NUMBER_OBJECT_CONVERSION = YES_AGGRESSIVE;
				CLANG_CXX_LANGUAGE_STANDARD = "gnu++14";
				CLANG_CXX_LIBRARY = "libc++";
				CLANG_ENABLE_MODULES = YES;
				CLANG_ENABLE_OBJC_ARC = YES;
				CLANG_ENABLE_OBJC_WEAK = YES;
				CLANG_WARN_BLOCK_CAPTURE_AUTORELEASING = YES;
				CLANG_WARN_BOOL_CONVERSION = YES;
				CLANG_WARN_COMMA = YES;
				CLANG_WARN_CONSTANT_CONVERSION = YES;
				CLANG_WARN_DEPRECATED_OBJC_IMPLEMENTATIONS = YES;
				CLANG_WARN_DIRECT_OBJC_ISA_USAGE = YES_ERROR;
				CLANG_WARN_DOCUMENTATION_COMMENTS = YES;
				CLANG_WARN_EMPTY_BODY = YES;
				CLANG_WARN_ENUM_CONVERSION = YES;
				CLANG_WARN_INFINITE_RECURSION = YES;
				CLANG_WARN_INT_CONVERSION = YES;
				CLANG_WARN_NON_LITERAL_NULL_CONVERSION = YES;
				CLANG_WARN_OBJC_IMPLICIT_RETAIN_SELF = YES;
				CLANG_WARN_OBJC_LITERAL_CONVERSION = YES;
				CLANG_WARN_OBJC_ROOT_CLASS = YES_ERROR;
				CLANG_WARN_RANGE_LOOP_ANALYSIS = YES;
				CLANG_WARN_STRICT_PROTOTYPES = YES;
				CLANG_WARN_SUSPICIOUS_MOVE = YES;
				CLANG_WARN_UNGUARDED_AVAILABILITY = YES_AGGRESSIVE;
				CLANG_WARN_UNREACHABLE_CODE = YES;
				CLANG_WARN__DUPLICATE_METHOD_MATCH = YES;
				CODE_SIGN_IDENTITY = "iPhone Developer";
				COPY_PHASE_STRIP = NO;
				DEBUG_INFORMATION_FORMAT = dwarf;
				ENABLE_STRICT_OBJC_MSGSEND = YES;
				ENABLE_TESTABILITY = YES;
				GCC_C_LANGUAGE_STANDARD = gnu11;
				GCC_DYNAMIC_NO_PIC = NO;
				GCC_NO_COMMON_BLOCKS = YES;
				GCC_OPTIMIZATION_LEVEL = 0;
				GCC_PREPROCESSOR_DEFINITIONS = (
					"DEBUG=1",
					"$(inherited)",
				);
				GCC_WARN_64_TO_32_BIT_CONVERSION = YES;
				GCC_WARN_ABOUT_RETURN_TYPE = YES_ERROR;
				GCC_WARN_UNDECLARED_SELECTOR = YES;
				GCC_WARN_UNINITIALIZED_AUTOS = YES_AGGRESSIVE;
				GCC_WARN_UNUSED_FUNCTION = YES;
				GCC_WARN_UNUSED_VARIABLE = YES;
				IPHONEOS_DEPLOYMENT_TARGET = 12.1;
				MTL_ENABLE_DEBUG_INFO = INCLUDE_SOURCE;
				MTL_FAST_MATH = YES;
				ONLY_ACTIVE_ARCH = YES;
				SDKROOT = iphoneos;
				SWIFT_ACTIVE_COMPILATION_CONDITIONS = DEBUG;
				SWIFT_OPTIMIZATION_LEVEL = "-Onone";
			};
			name = Debug;
		};
		8491C5EF2220C41300C413D4 /* Release */ = {
			isa = XCBuildConfiguration;
			buildSettings = {
				ALWAYS_SEARCH_USER_PATHS = NO;
				CLANG_ANALYZER_NONNULL = YES;
				CLANG_ANALYZER_NUMBER_OBJECT_CONVERSION = YES_AGGRESSIVE;
				CLANG_CXX_LANGUAGE_STANDARD = "gnu++14";
				CLANG_CXX_LIBRARY = "libc++";
				CLANG_ENABLE_MODULES = YES;
				CLANG_ENABLE_OBJC_ARC = YES;
				CLANG_ENABLE_OBJC_WEAK = YES;
				CLANG_WARN_BLOCK_CAPTURE_AUTORELEASING = YES;
				CLANG_WARN_BOOL_CONVERSION = YES;
				CLANG_WARN_COMMA = YES;
				CLANG_WARN_CONSTANT_CONVERSION = YES;
				CLANG_WARN_DEPRECATED_OBJC_IMPLEMENTATIONS = YES;
				CLANG_WARN_DIRECT_OBJC_ISA_USAGE = YES_ERROR;
				CLANG_WARN_DOCUMENTATION_COMMENTS = YES;
				CLANG_WARN_EMPTY_BODY = YES;
				CLANG_WARN_ENUM_CONVERSION = YES;
				CLANG_WARN_INFINITE_RECURSION = YES;
				CLANG_WARN_INT_CONVERSION = YES;
				CLANG_WARN_NON_LITERAL_NULL_CONVERSION = YES;
				CLANG_WARN_OBJC_IMPLICIT_RETAIN_SELF = YES;
				CLANG_WARN_OBJC_LITERAL_CONVERSION = YES;
				CLANG_WARN_OBJC_ROOT_CLASS = YES_ERROR;
				CLANG_WARN_RANGE_LOOP_ANALYSIS = YES;
				CLANG_WARN_STRICT_PROTOTYPES = YES;
				CLANG_WARN_SUSPICIOUS_MOVE = YES;
				CLANG_WARN_UNGUARDED_AVAILABILITY = YES_AGGRESSIVE;
				CLANG_WARN_UNREACHABLE_CODE = YES;
				CLANG_WARN__DUPLICATE_METHOD_MATCH = YES;
				CODE_SIGN_IDENTITY = "iPhone Developer";
				COPY_PHASE_STRIP = NO;
				DEBUG_INFORMATION_FORMAT = "dwarf-with-dsym";
				ENABLE_NS_ASSERTIONS = NO;
				ENABLE_STRICT_OBJC_MSGSEND = YES;
				GCC_C_LANGUAGE_STANDARD = gnu11;
				GCC_NO_COMMON_BLOCKS = YES;
				GCC_WARN_64_TO_32_BIT_CONVERSION = YES;
				GCC_WARN_ABOUT_RETURN_TYPE = YES_ERROR;
				GCC_WARN_UNDECLARED_SELECTOR = YES;
				GCC_WARN_UNINITIALIZED_AUTOS = YES_AGGRESSIVE;
				GCC_WARN_UNUSED_FUNCTION = YES;
				GCC_WARN_UNUSED_VARIABLE = YES;
				IPHONEOS_DEPLOYMENT_TARGET = 12.1;
				MTL_ENABLE_DEBUG_INFO = NO;
				MTL_FAST_MATH = YES;
				SDKROOT = iphoneos;
				SWIFT_COMPILATION_MODE = wholemodule;
				SWIFT_OPTIMIZATION_LEVEL = "-O";
				VALIDATE_PRODUCT = YES;
			};
			name = Release;
		};
		8491C5F12220C41300C413D4 /* Debug */ = {
			isa = XCBuildConfiguration;
			buildSettings = {
				ASSETCATALOG_COMPILER_APPICON_NAME = AppIcon;
				CODE_SIGN_STYLE = Automatic;
				DEVELOPMENT_TEAM = C5SR9GRPP6;
				INFOPLIST_FILE = ActionSheet/Info.plist;
				IPHONEOS_DEPLOYMENT_TARGET = 10.0;
				LD_RUNPATH_SEARCH_PATHS = (
					"$(inherited)",
					"@executable_path/Frameworks",
				);
				PRODUCT_BUNDLE_IDENTIFIER = com.renan.dias.ActionSheet;
				PRODUCT_NAME = "$(TARGET_NAME)";
				SWIFT_VERSION = 4.2;
				TARGETED_DEVICE_FAMILY = 1;
			};
			name = Debug;
		};
		8491C5F22220C41300C413D4 /* Release */ = {
			isa = XCBuildConfiguration;
			buildSettings = {
				ASSETCATALOG_COMPILER_APPICON_NAME = AppIcon;
				CODE_SIGN_STYLE = Automatic;
				DEVELOPMENT_TEAM = C5SR9GRPP6;
				INFOPLIST_FILE = ActionSheet/Info.plist;
				IPHONEOS_DEPLOYMENT_TARGET = 10.0;
				LD_RUNPATH_SEARCH_PATHS = (
					"$(inherited)",
					"@executable_path/Frameworks",
				);
				PRODUCT_BUNDLE_IDENTIFIER = com.renan.dias.ActionSheet;
				PRODUCT_NAME = "$(TARGET_NAME)";
				SWIFT_VERSION = 4.2;
				TARGETED_DEVICE_FAMILY = 1;
			};
			name = Release;
		};
		8491C5F42220C41300C413D4 /* Debug */ = {
			isa = XCBuildConfiguration;
			buildSettings = {
				ALWAYS_EMBED_SWIFT_STANDARD_LIBRARIES = YES;
				BUNDLE_LOADER = "$(TEST_HOST)";
				CODE_SIGN_STYLE = Automatic;
				DEVELOPMENT_TEAM = C5SR9GRPP6;
				INFOPLIST_FILE = ActionSheetTests/Info.plist;
				LD_RUNPATH_SEARCH_PATHS = (
					"$(inherited)",
					"@executable_path/Frameworks",
					"@loader_path/Frameworks",
				);
				PRODUCT_BUNDLE_IDENTIFIER = com.renan.dias.ActionSheetTests;
				PRODUCT_NAME = "$(TARGET_NAME)";
				SWIFT_VERSION = 4.2;
				TARGETED_DEVICE_FAMILY = "1,2";
				TEST_HOST = "$(BUILT_PRODUCTS_DIR)/ActionSheet.app/ActionSheet";
			};
			name = Debug;
		};
		8491C5F52220C41300C413D4 /* Release */ = {
			isa = XCBuildConfiguration;
			buildSettings = {
				ALWAYS_EMBED_SWIFT_STANDARD_LIBRARIES = YES;
				BUNDLE_LOADER = "$(TEST_HOST)";
				CODE_SIGN_STYLE = Automatic;
				DEVELOPMENT_TEAM = C5SR9GRPP6;
				INFOPLIST_FILE = ActionSheetTests/Info.plist;
				LD_RUNPATH_SEARCH_PATHS = (
					"$(inherited)",
					"@executable_path/Frameworks",
					"@loader_path/Frameworks",
				);
				PRODUCT_BUNDLE_IDENTIFIER = com.renan.dias.ActionSheetTests;
				PRODUCT_NAME = "$(TARGET_NAME)";
				SWIFT_VERSION = 4.2;
				TARGETED_DEVICE_FAMILY = "1,2";
				TEST_HOST = "$(BUILT_PRODUCTS_DIR)/ActionSheet.app/ActionSheet";
			};
			name = Release;
		};
		8491C5F72220C41300C413D4 /* Debug */ = {
			isa = XCBuildConfiguration;
			buildSettings = {
				ALWAYS_EMBED_SWIFT_STANDARD_LIBRARIES = YES;
				CODE_SIGN_STYLE = Automatic;
				DEVELOPMENT_TEAM = C5SR9GRPP6;
				INFOPLIST_FILE = ActionSheetUITests/Info.plist;
				LD_RUNPATH_SEARCH_PATHS = (
					"$(inherited)",
					"@executable_path/Frameworks",
					"@loader_path/Frameworks",
				);
				PRODUCT_BUNDLE_IDENTIFIER = com.renan.dias.ActionSheetUITests;
				PRODUCT_NAME = "$(TARGET_NAME)";
				SWIFT_VERSION = 4.2;
				TARGETED_DEVICE_FAMILY = "1,2";
				TEST_TARGET_NAME = ActionSheet;
			};
			name = Debug;
		};
		8491C5F82220C41300C413D4 /* Release */ = {
			isa = XCBuildConfiguration;
			buildSettings = {
				ALWAYS_EMBED_SWIFT_STANDARD_LIBRARIES = YES;
				CODE_SIGN_STYLE = Automatic;
				DEVELOPMENT_TEAM = C5SR9GRPP6;
				INFOPLIST_FILE = ActionSheetUITests/Info.plist;
				LD_RUNPATH_SEARCH_PATHS = (
					"$(inherited)",
					"@executable_path/Frameworks",
					"@loader_path/Frameworks",
				);
				PRODUCT_BUNDLE_IDENTIFIER = com.renan.dias.ActionSheetUITests;
				PRODUCT_NAME = "$(TARGET_NAME)";
				SWIFT_VERSION = 4.2;
				TARGETED_DEVICE_FAMILY = "1,2";
				TEST_TARGET_NAME = ActionSheet;
			};
			name = Release;
		};
/* End XCBuildConfiguration section */

/* Begin XCConfigurationList section */
		8491C5C32220C41100C413D4 /* Build configuration list for PBXProject "ActionSheet" */ = {
			isa = XCConfigurationList;
			buildConfigurations = (
				8491C5EE2220C41300C413D4 /* Debug */,
				8491C5EF2220C41300C413D4 /* Release */,
			);
			defaultConfigurationIsVisible = 0;
			defaultConfigurationName = Release;
		};
		8491C5F02220C41300C413D4 /* Build configuration list for PBXNativeTarget "ActionSheet" */ = {
			isa = XCConfigurationList;
			buildConfigurations = (
				8491C5F12220C41300C413D4 /* Debug */,
				8491C5F22220C41300C413D4 /* Release */,
			);
			defaultConfigurationIsVisible = 0;
			defaultConfigurationName = Release;
		};
		8491C5F32220C41300C413D4 /* Build configuration list for PBXNativeTarget "ActionSheetTests" */ = {
			isa = XCConfigurationList;
			buildConfigurations = (
				8491C5F42220C41300C413D4 /* Debug */,
				8491C5F52220C41300C413D4 /* Release */,
			);
			defaultConfigurationIsVisible = 0;
			defaultConfigurationName = Release;
		};
		8491C5F62220C41300C413D4 /* Build configuration list for PBXNativeTarget "ActionSheetUITests" */ = {
			isa = XCConfigurationList;
			buildConfigurations = (
				8491C5F72220C41300C413D4 /* Debug */,
				8491C5F82220C41300C413D4 /* Release */,
			);
			defaultConfigurationIsVisible = 0;
			defaultConfigurationName = Release;
		};
/* End XCConfigurationList section */
	};
	rootObject = 8491C5C02220C41100C413D4 /* Project object */;
}
